
Microsoft Visual Studio Solution File, Format Version 12.00
# Visual Studio Version 17
VisualStudioVersion = 17.11.35312.102
MinimumVisualStudioVersion = 10.0.40219.1
Project("{FAE04EC0-301F-11D3-BF4B-00C04F79EFBC}") = "HeatWaves", "HeatWaves\HeatWaves.csproj", "{2F53EBDF-4BB1-4D02-BE1C-C8ECFA08D772}"
EndProject
Global
	GlobalSection(SolutionConfigurationPlatforms) = preSolution
		Debug|Any CPU = Debug|Any CPU
		Release|Any CPU = Release|Any CPU
	EndGlobalSection
	GlobalSection(ProjectConfigurationPlatforms) = postSolution
		{2F53EBDF-4BB1-4D02-BE1C-C8ECFA08D772}.Debug|Any CPU.ActiveCfg = Debug|Any CPU
		{2F53EBDF-4BB1-4D02-BE1C-C8ECFA08D772}.Debug|Any CPU.Build.0 = Debug|Any CPU
		{2F53EBDF-4BB1-4D02-BE1C-C8ECFA08D772}.Release|Any CPU.ActiveCfg = Release|Any CPU
		{2F53EBDF-4BB1-4D02-BE1C-C8ECFA08D772}.Release|Any CPU.Build.0 = Release|Any CPU
	EndGlobalSection
	GlobalSection(SolutionProperties) = preSolution
		HideSolutionNode = FALSE
	EndGlobalSection
	GlobalSection(ExtensibilityGlobals) = postSolution
		SolutionGuid = {CD526DA0-6F66-4E20-B93A-5F9428A5335F}
	EndGlobalSection
EndGlobal
